<?xml version="1.0" encoding="utf-8"?>
<Project ToolsVersion="4.0" xmlns="http://schemas.microsoft.com/developer/msbuild/2003">
  <ItemGroup>
    <Filter Include="Source Files">
      <UniqueIdentifier>{4FC737F1-C7A5-4376-A066-2A32D752A2FF}</UniqueIdentifier>
      <Extensions>cpp;c;cc;cxx;def;odl;idl;hpj;bat;asm;asmx</Extensions>
    </Filter>
    <Filter Include="Header Files">
      <UniqueIdentifier>{93995380-89BD-4b04-88EB-625FBE52EBFB}</UniqueIdentifier>
      <Extensions>h;hh;hpp;hxx;hm;inl;inc;ipp;xsd</Extensions>
    </Filter>
    <Filter Include="Shaders">
      <UniqueIdentifier>{60f6bac0-ac95-4493-9e15-40457db95f09}</UniqueIdentifier>
    </Filter>
    <Filter Include="DebugRenderer">
      <UniqueIdentifier>{bba1383a-1a1c-4ee7-9b84-b0c6b9646a64}</UniqueIdentifier>
    </Filter>
    <Filter Include="Physics">
      <UniqueIdentifier>{ff392894-8907-4e3d-8033-dd497b22c6a2}</UniqueIdentifier>
    </Filter>
    <Filter Include="GameObject">
      <UniqueIdentifier>{2323eb35-8f0b-4d86-ac10-d17295e1f1b7}</UniqueIdentifier>
    </Filter>
    <Filter Include="LightManager">
      <UniqueIdentifier>{4d24adbe-4aca-4875-8dab-0666c5843151}</UniqueIdentifier>
    </Filter>
    <Filter Include="LowPassFilter">
      <UniqueIdentifier>{90db0187-9f5a-4e25-917c-0920eed7abc9}</UniqueIdentifier>
    </Filter>
    <Filter Include="JSON">
      <UniqueIdentifier>{d4f3296f-40cf-4039-aee0-8225e6f1f00e}</UniqueIdentifier>
    </Filter>
    <Filter Include="configFiles">
      <UniqueIdentifier>{17f36e9e-9cac-4c13-a543-c29c46c73637}</UniqueIdentifier>
    </Filter>
    <Filter Include="Particles">
      <UniqueIdentifier>{d64bf26b-e5c3-4d25-8c2b-fa15f7dd68e6}</UniqueIdentifier>
    </Filter>
    <Filter Include="TextureManager">
      <UniqueIdentifier>{54217f7b-d8e3-444d-99b0-8a4ad1f2fe50}</UniqueIdentifier>
    </Filter>
    <Filter Include="util">
      <UniqueIdentifier>{fc38cbc6-e309-47e3-8bfd-610f89a2cd62}</UniqueIdentifier>
    </Filter>
    <Filter Include="cFlyCamera">
      <UniqueIdentifier>{051328e9-841f-49b8-9b32-723fa307b558}</UniqueIdentifier>
    </Filter>
    <Filter Include="skybox">
      <UniqueIdentifier>{116996f1-557b-426d-aa8c-e94571db01fe}</UniqueIdentifier>
    </Filter>
    <Filter Include="cAABB">
      <UniqueIdentifier>{b6dc76ca-4208-423c-8290-c92f4a4326ba}</UniqueIdentifier>
    </Filter>
    <Filter Include="playerController">
      <UniqueIdentifier>{508ef16c-3212-496e-8596-e5d16befb8ff}</UniqueIdentifier>
    </Filter>
    <Filter Include="bRotatable">
      <UniqueIdentifier>{7d4292ca-5792-46a2-a2f5-c7428a494b9e}</UniqueIdentifier>
    </Filter>
    <Filter Include="quaternion_utils">
      <UniqueIdentifier>{6526f2c0-e57a-4e6d-ae2a-4e15f75e3f5a}</UniqueIdentifier>
    </Filter>
    <Filter Include="cFBO">
      <UniqueIdentifier>{14fd8e8f-4de2-4fbe-a6ab-174acbd33288}</UniqueIdentifier>
    </Filter>
    <Filter Include="cSceneManager">
      <UniqueIdentifier>{766bf6fd-1e82-49ab-a23c-d8520b30b718}</UniqueIdentifier>
    </Filter>
    <Filter Include="cAssimp">
      <UniqueIdentifier>{0d425bb1-7f8e-4e82-bb35-dd6ebc7b9929}</UniqueIdentifier>
    </Filter>
    <Filter Include="ModelLoader">
      <UniqueIdentifier>{bb007e11-7647-4a53-b622-8a0cfe224a7c}</UniqueIdentifier>
    </Filter>
    <Filter Include="cAnimatedPlayer">
      <UniqueIdentifier>{a2e6db9c-29e5-475f-aba5-3ee0c37a866e}</UniqueIdentifier>
    </Filter>
    <Filter Include="BMPLoader">
      <UniqueIdentifier>{155542dc-7e29-4310-9c41-38dad233ba35}</UniqueIdentifier>
    </Filter>
    <Filter Include="PathFinder">
      <UniqueIdentifier>{7d715e86-a9b5-41d1-b1d8-bdc05b6cbcc5}</UniqueIdentifier>
    </Filter>
    <Filter Include="imgui">
      <UniqueIdentifier>{9f2ea348-1edd-40b8-93d0-f0ae7c68f743}</UniqueIdentifier>
    </Filter>
    <Filter Include="imgui\include">
      <UniqueIdentifier>{507d8bc8-0c5a-430b-a3fe-8919b856344a}</UniqueIdentifier>
    </Filter>
    <Filter Include="bullet">
      <UniqueIdentifier>{bc12cd78-bd2f-4fc0-9c61-02a52297a9c3}</UniqueIdentifier>
    </Filter>
    <Filter Include="bullet\lib">
      <UniqueIdentifier>{200acde0-cbc8-48a4-9353-4252ace0e178}</UniqueIdentifier>
    </Filter>
  </ItemGroup>
  <ItemGroup>
    <ClCompile Include="theMain.cpp">
      <Filter>Source Files</Filter>
    </ClCompile>
    <ClCompile Include="glad.c">
      <Filter>Source Files</Filter>
    </ClCompile>
    <ClCompile Include="cShader.cpp">
      <Filter>Source Files</Filter>
    </ClCompile>
    <ClCompile Include="cShaderManager.cpp">
      <Filter>Source Files</Filter>
    </ClCompile>
    <ClCompile Include="DebugRenderer\cDebugRenderer.cpp">
      <Filter>DebugRenderer</Filter>
    </ClCompile>
    <ClCompile Include="DebugRenderer\cDebugRenderer_BuiltInShapes.cpp">
      <Filter>DebugRenderer</Filter>
    </ClCompile>
    <ClCompile Include="DebugRenderer\COpenGLError.cpp">
      <Filter>DebugRenderer</Filter>
    </ClCompile>
    <ClCompile Include="DebugRenderer\CErrorLog.cpp">
      <Filter>DebugRenderer</Filter>
    </ClCompile>
    <ClCompile Include="DebugRenderer\cGLRenderStateHelper.cpp">
      <Filter>DebugRenderer</Filter>
    </ClCompile>
    <ClCompile Include="cGameObject.cpp">
      <Filter>GameObject</Filter>
    </ClCompile>
    <ClCompile Include="PhysicsStuff.cpp">
      <Filter>Physics</Filter>
    </ClCompile>
    <ClCompile Include="cPhysics.cpp">
      <Filter>Physics</Filter>
    </ClCompile>
    <ClCompile Include="cPhysics_Ericson.cpp">
      <Filter>Physics</Filter>
    </ClCompile>
    <ClCompile Include="LightManager\cLightHelper.cpp">
      <Filter>LightManager</Filter>
    </ClCompile>
    <ClCompile Include="UserInput.cpp">
      <Filter>Source Files</Filter>
    </ClCompile>
    <ClCompile Include="GFLW_callbacks.cpp">
      <Filter>Source Files</Filter>
    </ClCompile>
    <ClCompile Include="cLowPassFilter.cpp">
      <Filter>LowPassFilter</Filter>
    </ClCompile>
    <ClCompile Include="cLight.cpp">
      <Filter>LightManager</Filter>
    </ClCompile>
    <ClCompile Include="JSONLoader.cpp">
      <Filter>JSON</Filter>
    </ClCompile>
    <ClCompile Include="Particle\cParticleEmitter.cpp">
      <Filter>Particles</Filter>
    </ClCompile>
    <ClCompile Include="TextureManager\C24BitBMPpixel.cpp">
      <Filter>TextureManager</Filter>
    </ClCompile>
    <ClCompile Include="TextureManager\cBasicTextureManager.cpp">
      <Filter>TextureManager</Filter>
    </ClCompile>
    <ClCompile Include="TextureManager\cGLColourHelper.cpp">
      <Filter>TextureManager</Filter>
    </ClCompile>
    <ClCompile Include="TextureManager\CTextureFromBMP.cpp">
      <Filter>TextureManager</Filter>
    </ClCompile>
    <ClCompile Include="util\tools.cpp">
      <Filter>util</Filter>
    </ClCompile>
    <ClCompile Include="cFlyCamera\cFlyCamera.cpp">
      <Filter>cFlyCamera</Filter>
    </ClCompile>
    <ClCompile Include="skybox\skybox.cpp">
      <Filter>skybox</Filter>
    </ClCompile>
    <ClCompile Include="cAABB\PhysicsAABBStuff.cpp">
      <Filter>cAABB</Filter>
    </ClCompile>
    <ClCompile Include="playerController\playerController.cpp">
      <Filter>playerController</Filter>
    </ClCompile>
    <ClCompile Include="bRotatable\bRotatable.cpp">
      <Filter>bRotatable</Filter>
    </ClCompile>
    <ClCompile Include="quaternion_utils\quaternion_utils.cpp">
      <Filter>quaternion_utils</Filter>
    </ClCompile>
    <ClCompile Include="cFBO\cFBO.cpp">
      <Filter>cFBO</Filter>
    </ClCompile>
    <ClCompile Include="SceneManager\cScene.cpp">
      <Filter>cSceneManager</Filter>
    </ClCompile>
    <ClCompile Include="SceneManager\cSceneManager.cpp">
      <Filter>cSceneManager</Filter>
    </ClCompile>
    <ClCompile Include="cSimpleAssimpSkinnedMeshLoader_OneMesh.cpp">
      <Filter>cAssimp</Filter>
    </ClCompile>
    <ClCompile Include="cModelLoader_assimp.cpp">
      <Filter>cAssimp</Filter>
    </ClCompile>
    <ClCompile Include="cModelLoader.cpp">
      <Filter>ModelLoader</Filter>
    </ClCompile>
    <ClCompile Include="cVAOManager.cpp">
      <Filter>ModelLoader</Filter>
    </ClCompile>
    <ClCompile Include="cAnimatedPlayer\cAnimatedPlayer.cpp">
      <Filter>cAnimatedPlayer</Filter>
    </ClCompile>
    <ClCompile Include="SceneManager\cStencilScene.cpp">
      <Filter>cSceneManager</Filter>
    </ClCompile>
    <ClCompile Include="cMeshMap.cpp">
      <Filter>Source Files</Filter>
    </ClCompile>
    <ClCompile Include="zBMPLoader\BMPImage.cpp">
      <Filter>BMPLoader</Filter>
    </ClCompile>
    <ClCompile Include="zBMPLoader\BMPLoader.cpp">
      <Filter>BMPLoader</Filter>
    </ClCompile>
    <ClCompile Include="zBMPLoader\ResourceManager.cpp">
      <Filter>BMPLoader</Filter>
    </ClCompile>
    <ClCompile Include="cGraph.cpp">
      <Filter>PathFinder</Filter>
    </ClCompile>
    <ClCompile Include="sPathFinder.cpp">
      <Filter>PathFinder</Filter>
    </ClCompile>
    <ClCompile Include="JsonState.cpp">
      <Filter>JSON</Filter>
    </ClCompile>
    <ClCompile Include="cAnimationState.cpp">
      <Filter>cAnimatedPlayer</Filter>
    </ClCompile>
    <ClCompile Include="include\imgui\imgui.cpp">
      <Filter>imgui\include</Filter>
    </ClCompile>
    <ClCompile Include="include\imgui\imgui_demo.cpp">
      <Filter>imgui\include</Filter>
    </ClCompile>
    <ClCompile Include="include\imgui\imgui_draw.cpp">
      <Filter>imgui\include</Filter>
    </ClCompile>
    <ClCompile Include="include\imgui\imgui_impl_glfw.cpp">
      <Filter>imgui\include</Filter>
    </ClCompile>
    <ClCompile Include="include\imgui\imgui_impl_opengl3.cpp">
      <Filter>imgui\include</Filter>
    </ClCompile>
    <ClCompile Include="include\imgui\imgui_widgets.cpp">
      <Filter>imgui\include</Filter>
    </ClCompile>
    <ClCompile Include="ImGUI_utils.cpp">
      <Filter>imgui</Filter>
    </ClCompile>
    <ClCompile Include="LodePNG\lodepng.cpp">
      <Filter>Source Files</Filter>
    </ClCompile>
    <ClCompile Include="include\bullet\BulletCollision\CollisionDispatch\btActivatingCollisionAlgorithm.cpp">
      <Filter>bullet\lib</Filter>
    </ClCompile>
    <ClCompile Include="include\bullet\LinearMath\btAlignedAllocator.cpp">
      <Filter>bullet\lib</Filter>
    </ClCompile>
    <ClCompile Include="include\bullet\BulletCollision\BroadphaseCollision\btAxisSweep3.cpp">
      <Filter>bullet\lib</Filter>
    </ClCompile>
    <ClCompile Include="include\bullet\BulletDynamics\ConstraintSolver\btBatchedConstraints.cpp">
      <Filter>bullet\lib</Filter>
    </ClCompile>
    <ClCompile Include="include\bullet\BulletCollision\CollisionDispatch\btBox2dBox2dCollisionAlgorithm.cpp">
      <Filter>bullet\lib</Filter>
    </ClCompile>
    <ClCompile Include="include\bullet\BulletCollision\CollisionShapes\btBox2dShape.cpp">
      <Filter>bullet\lib</Filter>
    </ClCompile>
    <ClCompile Include="include\bullet\BulletCollision\CollisionDispatch\btBoxBoxCollisionAlgorithm.cpp">
      <Filter>bullet\lib</Filter>
    </ClCompile>
    <ClCompile Include="include\bullet\BulletCollision\CollisionDispatch\btBoxBoxDetector.cpp">
      <Filter>bullet\lib</Filter>
    </ClCompile>
    <ClCompile Include="include\bullet\BulletCollision\CollisionShapes\btBoxShape.cpp">
      <Filter>bullet\lib</Filter>
    </ClCompile>
    <ClCompile Include="include\bullet\BulletCollision\BroadphaseCollision\btBroadphaseProxy.cpp">
      <Filter>bullet\lib</Filter>
    </ClCompile>
    <ClCompile Include="include\bullet\BulletCollision\CollisionShapes\btBvhTriangleMeshShape.cpp">
      <Filter>bullet\lib</Filter>
    </ClCompile>
    <ClCompile Include="include\bullet\BulletCollision\CollisionShapes\btCapsuleShape.cpp">
      <Filter>bullet\lib</Filter>
    </ClCompile>
    <ClCompile Include="include\bullet\BulletCollision\BroadphaseCollision\btCollisionAlgorithm.cpp">
      <Filter>bullet\lib</Filter>
    </ClCompile>
    <ClCompile Include="include\bullet\BulletCollision\CollisionDispatch\btCollisionDispatcher.cpp">
      <Filter>bullet\lib</Filter>
    </ClCompile>
    <ClCompile Include="include\bullet\BulletCollision\CollisionDispatch\btCollisionDispatcherMt.cpp">
      <Filter>bullet\lib</Filter>
    </ClCompile>
    <ClCompile Include="include\bullet\BulletCollision\CollisionDispatch\btCollisionObject.cpp">
      <Filter>bullet\lib</Filter>
    </ClCompile>
    <ClCompile Include="include\bullet\BulletCollision\CollisionShapes\btCollisionShape.cpp">
      <Filter>bullet\lib</Filter>
    </ClCompile>
    <ClCompile Include="include\bullet\BulletCollision\CollisionDispatch\btCollisionWorld.cpp">
      <Filter>bullet\lib</Filter>
    </ClCompile>
    <ClCompile Include="include\bullet\BulletCollision\CollisionDispatch\btCollisionWorldImporter.cpp">
      <Filter>bullet\lib</Filter>
    </ClCompile>
    <ClCompile Include="include\bullet\BulletCollision\CollisionDispatch\btCompoundCollisionAlgorithm.cpp">
      <Filter>bullet\lib</Filter>
    </ClCompile>
    <ClCompile Include="include\bullet\BulletCollision\CollisionDispatch\btCompoundCompoundCollisionAlgorithm.cpp">
      <Filter>bullet\lib</Filter>
    </ClCompile>
    <ClCompile Include="include\bullet\BulletCollision\CollisionShapes\btCompoundShape.cpp">
      <Filter>bullet\lib</Filter>
    </ClCompile>
    <ClCompile Include="include\bullet\BulletCollision\CollisionShapes\btConcaveShape.cpp">
      <Filter>bullet\lib</Filter>
    </ClCompile>
    <ClCompile Include="include\bullet\BulletCollision\CollisionShapes\btConeShape.cpp">
      <Filter>bullet\lib</Filter>
    </ClCompile>
    <ClCompile Include="include\bullet\BulletDynamics\ConstraintSolver\btConeTwistConstraint.cpp">
      <Filter>bullet\lib</Filter>
    </ClCompile>
    <ClCompile Include="include\bullet\BulletDynamics\ConstraintSolver\btContactConstraint.cpp">
      <Filter>bullet\lib</Filter>
    </ClCompile>
    <ClCompile Include="include\bullet\BulletCollision\Gimpact\btContactProcessing.cpp">
      <Filter>bullet\lib</Filter>
    </ClCompile>
    <ClCompile Include="include\bullet\BulletCollision\NarrowPhaseCollision\btContinuousConvexCollision.cpp">
      <Filter>bullet\lib</Filter>
    </ClCompile>
    <ClCompile Include="include\bullet\BulletCollision\CollisionDispatch\btConvex2dConvex2dAlgorithm.cpp">
      <Filter>bullet\lib</Filter>
    </ClCompile>
    <ClCompile Include="include\bullet\BulletCollision\CollisionShapes\btConvex2dShape.cpp">
      <Filter>bullet\lib</Filter>
    </ClCompile>
    <ClCompile Include="include\bullet\BulletCollision\NarrowPhaseCollision\btConvexCast.cpp">
      <Filter>bullet\lib</Filter>
    </ClCompile>
    <ClCompile Include="include\bullet\BulletCollision\CollisionDispatch\btConvexConcaveCollisionAlgorithm.cpp">
      <Filter>bullet\lib</Filter>
    </ClCompile>
    <ClCompile Include="include\bullet\BulletCollision\CollisionDispatch\btConvexConvexAlgorithm.cpp">
      <Filter>bullet\lib</Filter>
    </ClCompile>
    <ClCompile Include="include\bullet\LinearMath\btConvexHull.cpp">
      <Filter>bullet\lib</Filter>
    </ClCompile>
    <ClCompile Include="include\bullet\LinearMath\btConvexHullComputer.cpp">
      <Filter>bullet\lib</Filter>
    </ClCompile>
    <ClCompile Include="include\bullet\BulletCollision\CollisionShapes\btConvexHullShape.cpp">
      <Filter>bullet\lib</Filter>
    </ClCompile>
    <ClCompile Include="include\bullet\BulletCollision\CollisionShapes\btConvexInternalShape.cpp">
      <Filter>bullet\lib</Filter>
    </ClCompile>
    <ClCompile Include="include\bullet\BulletCollision\CollisionDispatch\btConvexPlaneCollisionAlgorithm.cpp">
      <Filter>bullet\lib</Filter>
    </ClCompile>
    <ClCompile Include="include\bullet\BulletCollision\CollisionShapes\btConvexPointCloudShape.cpp">
      <Filter>bullet\lib</Filter>
    </ClCompile>
    <ClCompile Include="include\bullet\BulletCollision\CollisionShapes\btConvexPolyhedron.cpp">
      <Filter>bullet\lib</Filter>
    </ClCompile>
    <ClCompile Include="include\bullet\BulletCollision\CollisionShapes\btConvexShape.cpp">
      <Filter>bullet\lib</Filter>
    </ClCompile>
    <ClCompile Include="include\bullet\BulletCollision\CollisionShapes\btConvexTriangleMeshShape.cpp">
      <Filter>bullet\lib</Filter>
    </ClCompile>
    <ClCompile Include="include\bullet\BulletCollision\CollisionShapes\btCylinderShape.cpp">
      <Filter>bullet\lib</Filter>
    </ClCompile>
    <ClCompile Include="include\bullet\BulletDynamics\MLCPSolvers\btDantzigLCP.cpp">
      <Filter>bullet\lib</Filter>
    </ClCompile>
    <ClCompile Include="include\bullet\BulletCollision\BroadphaseCollision\btDbvt.cpp">
      <Filter>bullet\lib</Filter>
    </ClCompile>
    <ClCompile Include="include\bullet\BulletCollision\BroadphaseCollision\btDbvtBroadphase.cpp">
      <Filter>bullet\lib</Filter>
    </ClCompile>
    <ClCompile Include="include\bullet\BulletCollision\CollisionDispatch\btDefaultCollisionConfiguration.cpp">
      <Filter>bullet\lib</Filter>
    </ClCompile>
    <ClCompile Include="include\bullet\BulletDynamics\Dynamics\btDiscreteDynamicsWorld.cpp">
      <Filter>bullet\lib</Filter>
    </ClCompile>
    <ClCompile Include="include\bullet\BulletDynamics\Dynamics\btDiscreteDynamicsWorldMt.cpp">
      <Filter>bullet\lib</Filter>
    </ClCompile>
    <ClCompile Include="include\bullet\BulletCollision\BroadphaseCollision\btDispatcher.cpp">
      <Filter>bullet\lib</Filter>
    </ClCompile>
    <ClCompile Include="include\bullet\BulletCollision\CollisionDispatch\btEmptyCollisionAlgorithm.cpp">
      <Filter>bullet\lib</Filter>
    </ClCompile>
    <ClCompile Include="include\bullet\BulletCollision\CollisionShapes\btEmptyShape.cpp">
      <Filter>bullet\lib</Filter>
    </ClCompile>
    <ClCompile Include="include\bullet\BulletDynamics\ConstraintSolver\btFixedConstraint.cpp">
      <Filter>bullet\lib</Filter>
    </ClCompile>
    <ClCompile Include="include\bullet\BulletDynamics\ConstraintSolver\btGearConstraint.cpp">
      <Filter>bullet\lib</Filter>
    </ClCompile>
    <ClCompile Include="include\bullet\BulletDynamics\ConstraintSolver\btGeneric6DofConstraint.cpp">
      <Filter>bullet\lib</Filter>
    </ClCompile>
    <ClCompile Include="include\bullet\BulletDynamics\ConstraintSolver\btGeneric6DofSpring2Constraint.cpp">
      <Filter>bullet\lib</Filter>
    </ClCompile>
    <ClCompile Include="include\bullet\BulletDynamics\ConstraintSolver\btGeneric6DofSpringConstraint.cpp">
      <Filter>bullet\lib</Filter>
    </ClCompile>
    <ClCompile Include="include\bullet\BulletCollision\Gimpact\btGenericPoolAllocator.cpp">
      <Filter>bullet\lib</Filter>
    </ClCompile>
    <ClCompile Include="include\bullet\LinearMath\btGeometryUtil.cpp">
      <Filter>bullet\lib</Filter>
    </ClCompile>
    <ClCompile Include="include\bullet\BulletCollision\CollisionDispatch\btGhostObject.cpp">
      <Filter>bullet\lib</Filter>
    </ClCompile>
    <ClCompile Include="include\bullet\BulletCollision\Gimpact\btGImpactBvh.cpp">
      <Filter>bullet\lib</Filter>
    </ClCompile>
    <ClCompile Include="include\bullet\BulletCollision\Gimpact\btGImpactCollisionAlgorithm.cpp">
      <Filter>bullet\lib</Filter>
    </ClCompile>
    <ClCompile Include="include\bullet\BulletCollision\Gimpact\btGImpactQuantizedBvh.cpp">
      <Filter>bullet\lib</Filter>
    </ClCompile>
    <ClCompile Include="include\bullet\BulletCollision\Gimpact\btGImpactShape.cpp">
      <Filter>bullet\lib</Filter>
    </ClCompile>
    <ClCompile Include="include\bullet\BulletCollision\NarrowPhaseCollision\btGjkConvexCast.cpp">
      <Filter>bullet\lib</Filter>
    </ClCompile>
    <ClCompile Include="include\bullet\BulletCollision\NarrowPhaseCollision\btGjkEpa2.cpp">
      <Filter>bullet\lib</Filter>
    </ClCompile>
    <ClCompile Include="include\bullet\BulletCollision\NarrowPhaseCollision\btGjkEpaPenetrationDepthSolver.cpp">
      <Filter>bullet\lib</Filter>
    </ClCompile>
    <ClCompile Include="include\bullet\BulletCollision\NarrowPhaseCollision\btGjkPairDetector.cpp">
      <Filter>bullet\lib</Filter>
    </ClCompile>
    <ClCompile Include="include\bullet\BulletCollision\CollisionDispatch\btHashedSimplePairCache.cpp">
      <Filter>bullet\lib</Filter>
    </ClCompile>
    <ClCompile Include="include\bullet\BulletCollision\CollisionShapes\btHeightfieldTerrainShape.cpp">
      <Filter>bullet\lib</Filter>
    </ClCompile>
    <ClCompile Include="include\bullet\BulletDynamics\ConstraintSolver\btHinge2Constraint.cpp">
      <Filter>bullet\lib</Filter>
    </ClCompile>
    <ClCompile Include="include\bullet\BulletDynamics\ConstraintSolver\btHingeConstraint.cpp">
      <Filter>bullet\lib</Filter>
    </ClCompile>
    <ClCompile Include="include\bullet\BulletCollision\CollisionDispatch\btInternalEdgeUtility.cpp">
      <Filter>bullet\lib</Filter>
    </ClCompile>
    <ClCompile Include="include\bullet\BulletDynamics\Character\btKinematicCharacterController.cpp">
      <Filter>bullet\lib</Filter>
    </ClCompile>
    <ClCompile Include="include\bullet\BulletDynamics\MLCPSolvers\btLemkeAlgorithm.cpp">
      <Filter>bullet\lib</Filter>
    </ClCompile>
    <ClCompile Include="include\bullet\BulletCollision\CollisionDispatch\btManifoldResult.cpp">
      <Filter>bullet\lib</Filter>
    </ClCompile>
    <ClCompile Include="include\bullet\BulletCollision\CollisionShapes\btMiniSDF.cpp">
      <Filter>bullet\lib</Filter>
    </ClCompile>
    <ClCompile Include="include\bullet\BulletCollision\NarrowPhaseCollision\btMinkowskiPenetrationDepthSolver.cpp">
      <Filter>bullet\lib</Filter>
    </ClCompile>
    <ClCompile Include="include\bullet\BulletCollision\CollisionShapes\btMinkowskiSumShape.cpp">
      <Filter>bullet\lib</Filter>
    </ClCompile>
    <ClCompile Include="include\bullet\BulletDynamics\MLCPSolvers\btMLCPSolver.cpp">
      <Filter>bullet\lib</Filter>
    </ClCompile>
    <ClCompile Include="include\bullet\BulletDynamics\Featherstone\btMultiBody.cpp">
      <Filter>bullet\lib</Filter>
    </ClCompile>
    <ClCompile Include="include\bullet\BulletDynamics\Featherstone\btMultiBodyConstraint.cpp">
      <Filter>bullet\lib</Filter>
    </ClCompile>
    <ClCompile Include="include\bullet\BulletDynamics\Featherstone\btMultiBodyConstraintSolver.cpp">
      <Filter>bullet\lib</Filter>
    </ClCompile>
    <ClCompile Include="include\bullet\BulletDynamics\Featherstone\btMultiBodyDynamicsWorld.cpp">
      <Filter>bullet\lib</Filter>
    </ClCompile>
    <ClCompile Include="include\bullet\BulletDynamics\Featherstone\btMultiBodyFixedConstraint.cpp">
      <Filter>bullet\lib</Filter>
    </ClCompile>
    <ClCompile Include="include\bullet\BulletDynamics\Featherstone\btMultiBodyGearConstraint.cpp">
      <Filter>bullet\lib</Filter>
    </ClCompile>
    <ClCompile Include="include\bullet\BulletDynamics\Featherstone\btMultiBodyJointLimitConstraint.cpp">
      <Filter>bullet\lib</Filter>
    </ClCompile>
    <ClCompile Include="include\bullet\BulletDynamics\Featherstone\btMultiBodyJointMotor.cpp">
      <Filter>bullet\lib</Filter>
    </ClCompile>
    <ClCompile Include="include\bullet\BulletDynamics\Featherstone\btMultiBodyMLCPConstraintSolver.cpp">
      <Filter>bullet\lib</Filter>
    </ClCompile>
    <ClCompile Include="include\bullet\BulletDynamics\Featherstone\btMultiBodyPoint2Point.cpp">
      <Filter>bullet\lib</Filter>
    </ClCompile>
    <ClCompile Include="include\bullet\BulletDynamics\Featherstone\btMultiBodySliderConstraint.cpp">
      <Filter>bullet\lib</Filter>
    </ClCompile>
    <ClCompile Include="include\bullet\BulletDynamics\Featherstone\btMultiBodySphericalJointMotor.cpp">
      <Filter>bullet\lib</Filter>
    </ClCompile>
    <ClCompile Include="include\bullet\BulletCollision\CollisionShapes\btMultimaterialTriangleMeshShape.cpp">
      <Filter>bullet\lib</Filter>
    </ClCompile>
    <ClCompile Include="include\bullet\BulletCollision\CollisionShapes\btMultiSphereShape.cpp">
      <Filter>bullet\lib</Filter>
    </ClCompile>
    <ClCompile Include="include\bullet\BulletDynamics\ConstraintSolver\btNNCGConstraintSolver.cpp">
      <Filter>bullet\lib</Filter>
    </ClCompile>
    <ClCompile Include="include\bullet\BulletCollision\CollisionShapes\btOptimizedBvh.cpp">
      <Filter>bullet\lib</Filter>
    </ClCompile>
    <ClCompile Include="include\bullet\BulletCollision\BroadphaseCollision\btOverlappingPairCache.cpp">
      <Filter>bullet\lib</Filter>
    </ClCompile>
    <ClCompile Include="include\bullet\BulletCollision\NarrowPhaseCollision\btPersistentManifold.cpp">
      <Filter>bullet\lib</Filter>
    </ClCompile>
    <ClCompile Include="include\bullet\BulletDynamics\ConstraintSolver\btPoint2PointConstraint.cpp">
      <Filter>bullet\lib</Filter>
    </ClCompile>
    <ClCompile Include="include\bullet\LinearMath\btPolarDecomposition.cpp">
      <Filter>bullet\lib</Filter>
    </ClCompile>
    <ClCompile Include="include\bullet\BulletCollision\NarrowPhaseCollision\btPolyhedralContactClipping.cpp">
      <Filter>bullet\lib</Filter>
    </ClCompile>
    <ClCompile Include="include\bullet\BulletCollision\CollisionShapes\btPolyhedralConvexShape.cpp">
      <Filter>bullet\lib</Filter>
    </ClCompile>
    <ClCompile Include="include\bullet\BulletCollision\BroadphaseCollision\btQuantizedBvh.cpp">
      <Filter>bullet\lib</Filter>
    </ClCompile>
    <ClCompile Include="include\bullet\LinearMath\btQuickprof.cpp">
      <Filter>bullet\lib</Filter>
    </ClCompile>
    <ClCompile Include="include\bullet\BulletCollision\NarrowPhaseCollision\btRaycastCallback.cpp">
      <Filter>bullet\lib</Filter>
    </ClCompile>
    <ClCompile Include="include\bullet\BulletDynamics\Vehicle\btRaycastVehicle.cpp">
      <Filter>bullet\lib</Filter>
    </ClCompile>
    <ClCompile Include="include\bullet\BulletDynamics\Dynamics\btRigidBody.cpp">
      <Filter>bullet\lib</Filter>
    </ClCompile>
    <ClCompile Include="include\bullet\BulletCollision\CollisionShapes\btScaledBvhTriangleMeshShape.cpp">
      <Filter>bullet\lib</Filter>
    </ClCompile>
    <ClCompile Include="include\bullet\BulletCollision\CollisionShapes\btSdfCollisionShape.cpp">
      <Filter>bullet\lib</Filter>
    </ClCompile>
    <ClCompile Include="include\bullet\BulletDynamics\ConstraintSolver\btSequentialImpulseConstraintSolver.cpp">
      <Filter>bullet\lib</Filter>
    </ClCompile>
    <ClCompile Include="include\bullet\BulletDynamics\ConstraintSolver\btSequentialImpulseConstraintSolverMt.cpp">
      <Filter>bullet\lib</Filter>
    </ClCompile>
    <ClCompile Include="include\bullet\LinearMath\btSerializer.cpp">
      <Filter>bullet\lib</Filter>
    </ClCompile>
    <ClCompile Include="include\bullet\LinearMath\btSerializer64.cpp">
      <Filter>bullet\lib</Filter>
    </ClCompile>
    <ClCompile Include="include\bullet\BulletCollision\CollisionShapes\btShapeHull.cpp">
      <Filter>bullet\lib</Filter>
    </ClCompile>
    <ClCompile Include="include\bullet\BulletCollision\BroadphaseCollision\btSimpleBroadphase.cpp">
      <Filter>bullet\lib</Filter>
    </ClCompile>
    <ClCompile Include="include\bullet\BulletDynamics\Dynamics\btSimpleDynamicsWorld.cpp">
      <Filter>bullet\lib</Filter>
    </ClCompile>
    <ClCompile Include="include\bullet\BulletCollision\CollisionDispatch\btSimulationIslandManager.cpp">
      <Filter>bullet\lib</Filter>
    </ClCompile>
    <ClCompile Include="include\bullet\BulletDynamics\Dynamics\btSimulationIslandManagerMt.cpp">
      <Filter>bullet\lib</Filter>
    </ClCompile>
    <ClCompile Include="include\bullet\BulletDynamics\ConstraintSolver\btSliderConstraint.cpp">
      <Filter>bullet\lib</Filter>
    </ClCompile>
    <ClCompile Include="include\bullet\BulletDynamics\ConstraintSolver\btSolve2LinearConstraint.cpp">
      <Filter>bullet\lib</Filter>
    </ClCompile>
    <ClCompile Include="include\bullet\BulletCollision\CollisionDispatch\btSphereBoxCollisionAlgorithm.cpp">
      <Filter>bullet\lib</Filter>
    </ClCompile>
    <ClCompile Include="include\bullet\BulletCollision\CollisionShapes\btSphereShape.cpp">
      <Filter>bullet\lib</Filter>
    </ClCompile>
    <ClCompile Include="include\bullet\BulletCollision\CollisionDispatch\btSphereSphereCollisionAlgorithm.cpp">
      <Filter>bullet\lib</Filter>
    </ClCompile>
    <ClCompile Include="include\bullet\BulletCollision\CollisionDispatch\btSphereTriangleCollisionAlgorithm.cpp">
      <Filter>bullet\lib</Filter>
    </ClCompile>
    <ClCompile Include="include\bullet\BulletCollision\CollisionShapes\btStaticPlaneShape.cpp">
      <Filter>bullet\lib</Filter>
    </ClCompile>
    <ClCompile Include="include\bullet\BulletCollision\CollisionShapes\btStridingMeshInterface.cpp">
      <Filter>bullet\lib</Filter>
    </ClCompile>
    <ClCompile Include="include\bullet\BulletCollision\NarrowPhaseCollision\btSubSimplexConvexCast.cpp">
      <Filter>bullet\lib</Filter>
    </ClCompile>
    <ClCompile Include="include\bullet\LinearMath\TaskScheduler\btTaskScheduler.cpp">
      <Filter>bullet\lib</Filter>
    </ClCompile>
    <ClCompile Include="include\bullet\BulletCollision\CollisionShapes\btTetrahedronShape.cpp">
      <Filter>bullet\lib</Filter>
    </ClCompile>
    <ClCompile Include="include\bullet\LinearMath\btThreads.cpp">
      <Filter>bullet\lib</Filter>
    </ClCompile>
    <ClCompile Include="include\bullet\LinearMath\TaskScheduler\btThreadSupportPosix.cpp">
      <Filter>bullet\lib</Filter>
    </ClCompile>
    <ClCompile Include="include\bullet\LinearMath\TaskScheduler\btThreadSupportWin32.cpp">
      <Filter>bullet\lib</Filter>
    </ClCompile>
    <ClCompile Include="include\bullet\BulletCollision\CollisionShapes\btTriangleBuffer.cpp">
      <Filter>bullet\lib</Filter>
    </ClCompile>
    <ClCompile Include="include\bullet\BulletCollision\CollisionShapes\btTriangleCallback.cpp">
      <Filter>bullet\lib</Filter>
    </ClCompile>
    <ClCompile Include="include\bullet\BulletCollision\CollisionShapes\btTriangleIndexVertexArray.cpp">
      <Filter>bullet\lib</Filter>
    </ClCompile>
    <ClCompile Include="include\bullet\BulletCollision\CollisionShapes\btTriangleIndexVertexMaterialArray.cpp">
      <Filter>bullet\lib</Filter>
    </ClCompile>
    <ClCompile Include="include\bullet\BulletCollision\CollisionShapes\btTriangleMesh.cpp">
      <Filter>bullet\lib</Filter>
    </ClCompile>
    <ClCompile Include="include\bullet\BulletCollision\CollisionShapes\btTriangleMeshShape.cpp">
      <Filter>bullet\lib</Filter>
    </ClCompile>
    <ClCompile Include="include\bullet\BulletCollision\Gimpact\btTriangleShapeEx.cpp">
      <Filter>bullet\lib</Filter>
    </ClCompile>
    <ClCompile Include="include\bullet\BulletDynamics\ConstraintSolver\btTypedConstraint.cpp">
      <Filter>bullet\lib</Filter>
    </ClCompile>
    <ClCompile Include="include\bullet\BulletCollision\CollisionShapes\btUniformScalingShape.cpp">
      <Filter>bullet\lib</Filter>
    </ClCompile>
    <ClCompile Include="include\bullet\BulletCollision\CollisionDispatch\btUnionFind.cpp">
      <Filter>bullet\lib</Filter>
    </ClCompile>
    <ClCompile Include="include\bullet\BulletDynamics\ConstraintSolver\btUniversalConstraint.cpp">
      <Filter>bullet\lib</Filter>
    </ClCompile>
    <ClCompile Include="include\bullet\LinearMath\btVector3.cpp">
      <Filter>bullet\lib</Filter>
    </ClCompile>
    <ClCompile Include="include\bullet\BulletCollision\NarrowPhaseCollision\btVoronoiSimplexSolver.cpp">
      <Filter>bullet\lib</Filter>
    </ClCompile>
    <ClCompile Include="include\bullet\BulletDynamics\Vehicle\btWheelInfo.cpp">
      <Filter>bullet\lib</Filter>
    </ClCompile>
    <ClCompile Include="include\bullet\BulletCollision\Gimpact\gim_box_set.cpp">
      <Filter>bullet\lib</Filter>
    </ClCompile>
    <ClCompile Include="include\bullet\BulletCollision\Gimpact\gim_contact.cpp">
      <Filter>bullet\lib</Filter>
    </ClCompile>
    <ClCompile Include="include\bullet\BulletCollision\Gimpact\gim_memory.cpp">
      <Filter>bullet\lib</Filter>
    </ClCompile>
    <ClCompile Include="include\bullet\BulletCollision\Gimpact\gim_tri_collision.cpp">
      <Filter>bullet\lib</Filter>
    </ClCompile>
    <ClCompile Include="include\bullet\BulletCollision\CollisionDispatch\SphereTriangleDetector.cpp">
      <Filter>bullet\lib</Filter>
    </ClCompile>
    <ClCompile Include="PhysicsUtils.cpp">
      <Filter>bullet</Filter>
    </ClCompile>
  </ItemGroup>
  <ItemGroup>
    <ClInclude Include="cMesh.h">
      <Filter>Header Files</Filter>
    </ClInclude>
    <ClInclude Include="GLCommon.h">
      <Filter>Header Files</Filter>
    </ClInclude>
    <ClInclude Include="cShaderManager.h">
      <Filter>Header Files</Filter>
    </ClInclude>
    <ClInclude Include="DebugRenderer\cDebugRenderer.h">
      <Filter>DebugRenderer</Filter>
    </ClInclude>
    <ClInclude Include="DebugRenderer\iDebugRenderer.h">
      <Filter>DebugRenderer</Filter>
    </ClInclude>
    <ClInclude Include="DebugRenderer\COpenGLError.h">
      <Filter>DebugRenderer</Filter>
    </ClInclude>
    <ClInclude Include="DebugRenderer\CErrorLog.h">
      <Filter>DebugRenderer</Filter>
    </ClInclude>
    <ClInclude Include="DebugRenderer\cGLRenderStateHelper.h">
      <Filter>DebugRenderer</Filter>
    </ClInclude>
    <ClInclude Include="cPhysics.h">
      <Filter>Physics</Filter>
    </ClInclude>
    <ClInclude Include="cGameObject.h">
      <Filter>GameObject</Filter>
    </ClInclude>
    <ClInclude Include="PhysicsStuff.h">
      <Filter>Physics</Filter>
    </ClInclude>
    <ClInclude Include="LightManager\cLightHelper.h">
      <Filter>LightManager</Filter>
    </ClInclude>
    <ClInclude Include="GFLW_callbacks.h">
      <Filter>Header Files</Filter>
    </ClInclude>
    <ClInclude Include="globalStuff.h">
      <Filter>Header Files</Filter>
    </ClInclude>
    <ClInclude Include="cLowPassFilter.h">
      <Filter>LowPassFilter</Filter>
    </ClInclude>
    <ClInclude Include="cLight.h">
      <Filter>LightManager</Filter>
    </ClInclude>
    <ClInclude Include="JSONLoader.h">
      <Filter>JSON</Filter>
    </ClInclude>
    <ClInclude Include="Particle\cParticleEmitter.h">
      <Filter>Particles</Filter>
    </ClInclude>
    <ClInclude Include="TextureManager\C24BitBMPpixel.h">
      <Filter>TextureManager</Filter>
    </ClInclude>
    <ClInclude Include="TextureManager\cBasicTextureManager.h">
      <Filter>TextureManager</Filter>
    </ClInclude>
    <ClInclude Include="TextureManager\cGLColourHelper.h">
      <Filter>TextureManager</Filter>
    </ClInclude>
    <ClInclude Include="TextureManager\CTextureFromBMP.h">
      <Filter>TextureManager</Filter>
    </ClInclude>
    <ClInclude Include="util\tools.h">
      <Filter>util</Filter>
    </ClInclude>
    <ClInclude Include="cFlyCamera\cFlyCamera.h">
      <Filter>cFlyCamera</Filter>
    </ClInclude>
    <ClInclude Include="skybox\skybox.h">
      <Filter>skybox</Filter>
    </ClInclude>
    <ClInclude Include="cAABB\cAABB.h">
      <Filter>cAABB</Filter>
    </ClInclude>
    <ClInclude Include="cAABB\PhysicsAABBStuff.h">
      <Filter>cAABB</Filter>
    </ClInclude>
    <ClInclude Include="playerController\playerController.h">
      <Filter>playerController</Filter>
    </ClInclude>
    <ClInclude Include="bRotatable\bRotatable.hpp">
      <Filter>bRotatable</Filter>
    </ClInclude>
    <ClInclude Include="quaternion_utils\quaternion_utils.hpp">
      <Filter>quaternion_utils</Filter>
    </ClInclude>
    <ClInclude Include="cFBO\cFBO.h">
      <Filter>cFBO</Filter>
    </ClInclude>
    <ClInclude Include="DebugRenderer\cDebugRenderer_built_in_shaders.h">
      <Filter>DebugRenderer</Filter>
    </ClInclude>
    <ClInclude Include="SceneManager\cScene.h">
      <Filter>cSceneManager</Filter>
    </ClInclude>
    <ClInclude Include="SceneManager\cSceneManager.h">
      <Filter>cSceneManager</Filter>
    </ClInclude>
    <ClInclude Include="cSimpleAssimpSkinnedMeshLoader_OneMesh.h">
      <Filter>cAssimp</Filter>
    </ClInclude>
    <ClInclude Include="sModelDrawInfo.h">
      <Filter>cAssimp</Filter>
    </ClInclude>
    <ClInclude Include="sVertex_xyz_rgba_n_uv2_bt_4Bones.h">
      <Filter>cAssimp</Filter>
    </ClInclude>
    <ClInclude Include="cModelLoader.h">
      <Filter>ModelLoader</Filter>
    </ClInclude>
    <ClInclude Include="cVAOManager.h">
      <Filter>ModelLoader</Filter>
    </ClInclude>
    <ClInclude Include="cAnimatedPlayer\cAnimatedPlayer.h">
      <Filter>cAnimatedPlayer</Filter>
    </ClInclude>
    <ClInclude Include="SceneManager\cStencilScene.h">
      <Filter>cSceneManager</Filter>
    </ClInclude>
    <ClInclude Include="cMeshMap.h">
      <Filter>Header Files</Filter>
    </ClInclude>
    <ClInclude Include="zBMPLoader\BMPImage.h">
      <Filter>BMPLoader</Filter>
    </ClInclude>
    <ClInclude Include="zBMPLoader\BMPLoader.h">
      <Filter>BMPLoader</Filter>
    </ClInclude>
    <ClInclude Include="zBMPLoader\ResourceManager.h">
      <Filter>BMPLoader</Filter>
    </ClInclude>
    <ClInclude Include="cGraph.h">
      <Filter>PathFinder</Filter>
    </ClInclude>
    <ClInclude Include="sPathFinder.h">
      <Filter>PathFinder</Filter>
    </ClInclude>
    <ClInclude Include="JsonState.h">
      <Filter>JSON</Filter>
    </ClInclude>
    <ClInclude Include="cAnimationState.h">
      <Filter>cAnimatedPlayer</Filter>
    </ClInclude>
    <ClInclude Include="definitions.h">
      <Filter>util</Filter>
    </ClInclude>
    <ClInclude Include="include\imgui\imconfig.h">
      <Filter>imgui\include</Filter>
    </ClInclude>
    <ClInclude Include="include\imgui\imgui.h">
      <Filter>imgui\include</Filter>
    </ClInclude>
    <ClInclude Include="include\imgui\imgui_impl_glfw.h">
      <Filter>imgui\include</Filter>
    </ClInclude>
    <ClInclude Include="include\imgui\imgui_impl_opengl3.h">
      <Filter>imgui\include</Filter>
    </ClInclude>
    <ClInclude Include="include\imgui\imgui_internal.h">
      <Filter>imgui\include</Filter>
    </ClInclude>
    <ClInclude Include="include\imgui\imstb_rectpack.h">
      <Filter>imgui\include</Filter>
    </ClInclude>
    <ClInclude Include="include\imgui\imstb_textedit.h">
      <Filter>imgui\include</Filter>
    </ClInclude>
    <ClInclude Include="include\imgui\imstb_truetype.h">
      <Filter>imgui\include</Filter>
    </ClInclude>
    <ClInclude Include="ImGUI_utils.h">
      <Filter>imgui</Filter>
    </ClInclude>
    <ClInclude Include="LodePNG\lodepng.h">
      <Filter>Header Files</Filter>
    </ClInclude>
    <ClInclude Include="include\bullet\LinearMath\btAabbUtil2.h">
      <Filter>bullet\lib</Filter>
    </ClInclude>
    <ClInclude Include="include\bullet\BulletDynamics\Dynamics\btActionInterface.h">
      <Filter>bullet\lib</Filter>
    </ClInclude>
    <ClInclude Include="include\bullet\BulletCollision\CollisionDispatch\btActivatingCollisionAlgorithm.h">
      <Filter>bullet\lib</Filter>
    </ClInclude>
    <ClInclude Include="include\bullet\LinearMath\btAlignedAllocator.h">
      <Filter>bullet\lib</Filter>
    </ClInclude>
    <ClInclude Include="include\bullet\LinearMath\btAlignedObjectArray.h">
      <Filter>bullet\lib</Filter>
    </ClInclude>
    <ClInclude Include="include\bullet\BulletCollision\BroadphaseCollision\btAxisSweep3.h">
      <Filter>bullet\lib</Filter>
    </ClInclude>
    <ClInclude Include="include\bullet\BulletCollision\BroadphaseCollision\btAxisSweep3Internal.h">
      <Filter>bullet\lib</Filter>
    </ClInclude>
    <ClInclude Include="include\bullet\BulletDynamics\ConstraintSolver\btBatchedConstraints.h">
      <Filter>bullet\lib</Filter>
    </ClInclude>
    <ClInclude Include="include\bullet\BulletCollision\CollisionDispatch\btBox2dBox2dCollisionAlgorithm.h">
      <Filter>bullet\lib</Filter>
    </ClInclude>
    <ClInclude Include="include\bullet\BulletCollision\CollisionShapes\btBox2dShape.h">
      <Filter>bullet\lib</Filter>
    </ClInclude>
    <ClInclude Include="include\bullet\BulletCollision\CollisionDispatch\btBoxBoxCollisionAlgorithm.h">
      <Filter>bullet\lib</Filter>
    </ClInclude>
    <ClInclude Include="include\bullet\BulletCollision\CollisionDispatch\btBoxBoxDetector.h">
      <Filter>bullet\lib</Filter>
    </ClInclude>
    <ClInclude Include="include\bullet\BulletCollision\Gimpact\btBoxCollision.h">
      <Filter>bullet\lib</Filter>
    </ClInclude>
    <ClInclude Include="include\bullet\BulletCollision\CollisionShapes\btBoxShape.h">
      <Filter>bullet\lib</Filter>
    </ClInclude>
    <ClInclude Include="include\bullet\BulletCollision\BroadphaseCollision\btBroadphaseInterface.h">
      <Filter>bullet\lib</Filter>
    </ClInclude>
    <ClInclude Include="include\bullet\BulletCollision\BroadphaseCollision\btBroadphaseProxy.h">
      <Filter>bullet\lib</Filter>
    </ClInclude>
    <ClInclude Include="include\bullet\btBulletCollisionCommon.h">
      <Filter>bullet\lib</Filter>
    </ClInclude>
    <ClInclude Include="include\bullet\btBulletDynamicsCommon.h">
      <Filter>bullet\lib</Filter>
    </ClInclude>
    <ClInclude Include="include\bullet\BulletCollision\CollisionShapes\btBvhTriangleMeshShape.h">
      <Filter>bullet\lib</Filter>
    </ClInclude>
    <ClInclude Include="include\bullet\BulletCollision\CollisionShapes\btCapsuleShape.h">
      <Filter>bullet\lib</Filter>
    </ClInclude>
    <ClInclude Include="include\bullet\BulletDynamics\Character\btCharacterControllerInterface.h">
      <Filter>bullet\lib</Filter>
    </ClInclude>
    <ClInclude Include="include\bullet\BulletCollision\Gimpact\btClipPolygon.h">
      <Filter>bullet\lib</Filter>
    </ClInclude>
    <ClInclude Include="include\bullet\BulletCollision\BroadphaseCollision\btCollisionAlgorithm.h">
      <Filter>bullet\lib</Filter>
    </ClInclude>
    <ClInclude Include="include\bullet\BulletCollision\CollisionDispatch\btCollisionConfiguration.h">
      <Filter>bullet\lib</Filter>
    </ClInclude>
    <ClInclude Include="include\bullet\BulletCollision\CollisionDispatch\btCollisionCreateFunc.h">
      <Filter>bullet\lib</Filter>
    </ClInclude>
    <ClInclude Include="include\bullet\BulletCollision\CollisionDispatch\btCollisionDispatcher.h">
      <Filter>bullet\lib</Filter>
    </ClInclude>
    <ClInclude Include="include\bullet\BulletCollision\CollisionDispatch\btCollisionDispatcherMt.h">
      <Filter>bullet\lib</Filter>
    </ClInclude>
    <ClInclude Include="include\bullet\BulletCollision\CollisionShapes\btCollisionMargin.h">
      <Filter>bullet\lib</Filter>
    </ClInclude>
    <ClInclude Include="include\bullet\BulletCollision\CollisionDispatch\btCollisionObject.h">
      <Filter>bullet\lib</Filter>
    </ClInclude>
    <ClInclude Include="include\bullet\BulletCollision\CollisionDispatch\btCollisionObjectWrapper.h">
      <Filter>bullet\lib</Filter>
    </ClInclude>
    <ClInclude Include="include\bullet\BulletCollision\CollisionShapes\btCollisionShape.h">
      <Filter>bullet\lib</Filter>
    </ClInclude>
    <ClInclude Include="include\bullet\BulletCollision\CollisionDispatch\btCollisionWorld.h">
      <Filter>bullet\lib</Filter>
    </ClInclude>
    <ClInclude Include="include\bullet\BulletCollision\CollisionDispatch\btCollisionWorldImporter.h">
      <Filter>bullet\lib</Filter>
    </ClInclude>
    <ClInclude Include="include\bullet\BulletCollision\CollisionDispatch\btCompoundCollisionAlgorithm.h">
      <Filter>bullet\lib</Filter>
    </ClInclude>
    <ClInclude Include="include\bullet\BulletCollision\CollisionDispatch\btCompoundCompoundCollisionAlgorithm.h">
      <Filter>bullet\lib</Filter>
    </ClInclude>
    <ClInclude Include="include\bullet\BulletCollision\Gimpact\btCompoundFromGimpact.h">
      <Filter>bullet\lib</Filter>
    </ClInclude>
    <ClInclude Include="include\bullet\BulletCollision\CollisionShapes\btCompoundShape.h">
      <Filter>bullet\lib</Filter>
    </ClInclude>
    <ClInclude Include="include\bullet\BulletCollision\NarrowPhaseCollision\btComputeGjkEpaPenetration.h">
      <Filter>bullet\lib</Filter>
    </ClInclude>
    <ClInclude Include="include\bullet\BulletCollision\CollisionShapes\btConcaveShape.h">
      <Filter>bullet\lib</Filter>
    </ClInclude>
    <ClInclude Include="include\bullet\BulletCollision\CollisionShapes\btConeShape.h">
      <Filter>bullet\lib</Filter>
    </ClInclude>
    <ClInclude Include="include\bullet\BulletDynamics\ConstraintSolver\btConeTwistConstraint.h">
      <Filter>bullet\lib</Filter>
    </ClInclude>
    <ClInclude Include="include\bullet\BulletDynamics\ConstraintSolver\btConstraintSolver.h">
      <Filter>bullet\lib</Filter>
    </ClInclude>
    <ClInclude Include="include\bullet\BulletDynamics\ConstraintSolver\btContactConstraint.h">
      <Filter>bullet\lib</Filter>
    </ClInclude>
    <ClInclude Include="include\bullet\BulletCollision\Gimpact\btContactProcessing.h">
      <Filter>bullet\lib</Filter>
    </ClInclude>
    <ClInclude Include="include\bullet\BulletCollision\Gimpact\btContactProcessingStructs.h">
      <Filter>bullet\lib</Filter>
    </ClInclude>
    <ClInclude Include="include\bullet\BulletDynamics\ConstraintSolver\btContactSolverInfo.h">
      <Filter>bullet\lib</Filter>
    </ClInclude>
    <ClInclude Include="include\bullet\BulletCollision\NarrowPhaseCollision\btContinuousConvexCollision.h">
      <Filter>bullet\lib</Filter>
    </ClInclude>
    <ClInclude Include="include\bullet\BulletCollision\CollisionDispatch\btConvex2dConvex2dAlgorithm.h">
      <Filter>bullet\lib</Filter>
    </ClInclude>
    <ClInclude Include="include\bullet\BulletCollision\CollisionShapes\btConvex2dShape.h">
      <Filter>bullet\lib</Filter>
    </ClInclude>
    <ClInclude Include="include\bullet\BulletCollision\NarrowPhaseCollision\btConvexCast.h">
      <Filter>bullet\lib</Filter>
    </ClInclude>
    <ClInclude Include="include\bullet\BulletCollision\CollisionDispatch\btConvexConcaveCollisionAlgorithm.h">
      <Filter>bullet\lib</Filter>
    </ClInclude>
    <ClInclude Include="include\bullet\BulletCollision\CollisionDispatch\btConvexConvexAlgorithm.h">
      <Filter>bullet\lib</Filter>
    </ClInclude>
    <ClInclude Include="include\bullet\LinearMath\btConvexHull.h">
      <Filter>bullet\lib</Filter>
    </ClInclude>
    <ClInclude Include="include\bullet\LinearMath\btConvexHullComputer.h">
      <Filter>bullet\lib</Filter>
    </ClInclude>
    <ClInclude Include="include\bullet\BulletCollision\CollisionShapes\btConvexHullShape.h">
      <Filter>bullet\lib</Filter>
    </ClInclude>
    <ClInclude Include="include\bullet\BulletCollision\CollisionShapes\btConvexInternalShape.h">
      <Filter>bullet\lib</Filter>
    </ClInclude>
    <ClInclude Include="include\bullet\BulletCollision\NarrowPhaseCollision\btConvexPenetrationDepthSolver.h">
      <Filter>bullet\lib</Filter>
    </ClInclude>
    <ClInclude Include="include\bullet\BulletCollision\CollisionDispatch\btConvexPlaneCollisionAlgorithm.h">
      <Filter>bullet\lib</Filter>
    </ClInclude>
    <ClInclude Include="include\bullet\BulletCollision\CollisionShapes\btConvexPointCloudShape.h">
      <Filter>bullet\lib</Filter>
    </ClInclude>
    <ClInclude Include="include\bullet\BulletCollision\CollisionShapes\btConvexPolyhedron.h">
      <Filter>bullet\lib</Filter>
    </ClInclude>
    <ClInclude Include="include\bullet\BulletCollision\CollisionShapes\btConvexShape.h">
      <Filter>bullet\lib</Filter>
    </ClInclude>
    <ClInclude Include="include\bullet\BulletCollision\CollisionShapes\btConvexTriangleMeshShape.h">
      <Filter>bullet\lib</Filter>
    </ClInclude>
    <ClInclude Include="include\bullet\LinearMath\btCpuFeatureUtility.h">
      <Filter>bullet\lib</Filter>
    </ClInclude>
    <ClInclude Include="include\bullet\BulletCollision\CollisionShapes\btCylinderShape.h">
      <Filter>bullet\lib</Filter>
    </ClInclude>
    <ClInclude Include="include\bullet\BulletDynamics\MLCPSolvers\btDantzigLCP.h">
      <Filter>bullet\lib</Filter>
    </ClInclude>
    <ClInclude Include="include\bullet\BulletDynamics\MLCPSolvers\btDantzigSolver.h">
      <Filter>bullet\lib</Filter>
    </ClInclude>
    <ClInclude Include="include\bullet\BulletCollision\BroadphaseCollision\btDbvt.h">
      <Filter>bullet\lib</Filter>
    </ClInclude>
    <ClInclude Include="include\bullet\BulletCollision\BroadphaseCollision\btDbvtBroadphase.h">
      <Filter>bullet\lib</Filter>
    </ClInclude>
    <ClInclude Include="include\bullet\BulletCollision\CollisionDispatch\btDefaultCollisionConfiguration.h">
      <Filter>bullet\lib</Filter>
    </ClInclude>
    <ClInclude Include="include\bullet\LinearMath\btDefaultMotionState.h">
      <Filter>bullet\lib</Filter>
    </ClInclude>
    <ClInclude Include="include\bullet\BulletCollision\NarrowPhaseCollision\btDiscreteCollisionDetectorInterface.h">
      <Filter>bullet\lib</Filter>
    </ClInclude>
    <ClInclude Include="include\bullet\BulletDynamics\Dynamics\btDiscreteDynamicsWorld.h">
      <Filter>bullet\lib</Filter>
    </ClInclude>
    <ClInclude Include="include\bullet\BulletDynamics\Dynamics\btDiscreteDynamicsWorldMt.h">
      <Filter>bullet\lib</Filter>
    </ClInclude>
    <ClInclude Include="include\bullet\BulletCollision\BroadphaseCollision\btDispatcher.h">
      <Filter>bullet\lib</Filter>
    </ClInclude>
    <ClInclude Include="include\bullet\BulletDynamics\Dynamics\btDynamicsWorld.h">
      <Filter>bullet\lib</Filter>
    </ClInclude>
    <ClInclude Include="include\bullet\BulletCollision\CollisionDispatch\btEmptyCollisionAlgorithm.h">
      <Filter>bullet\lib</Filter>
    </ClInclude>
    <ClInclude Include="include\bullet\BulletCollision\CollisionShapes\btEmptyShape.h">
      <Filter>bullet\lib</Filter>
    </ClInclude>
    <ClInclude Include="include\bullet\BulletDynamics\ConstraintSolver\btFixedConstraint.h">
      <Filter>bullet\lib</Filter>
    </ClInclude>
    <ClInclude Include="include\bullet\BulletDynamics\ConstraintSolver\btGearConstraint.h">
      <Filter>bullet\lib</Filter>
    </ClInclude>
    <ClInclude Include="include\bullet\BulletDynamics\ConstraintSolver\btGeneric6DofConstraint.h">
      <Filter>bullet\lib</Filter>
    </ClInclude>
    <ClInclude Include="include\bullet\BulletDynamics\ConstraintSolver\btGeneric6DofSpring2Constraint.h">
      <Filter>bullet\lib</Filter>
    </ClInclude>
    <ClInclude Include="include\bullet\BulletDynamics\ConstraintSolver\btGeneric6DofSpringConstraint.h">
      <Filter>bullet\lib</Filter>
    </ClInclude>
    <ClInclude Include="include\bullet\BulletCollision\Gimpact\btGenericPoolAllocator.h">
      <Filter>bullet\lib</Filter>
    </ClInclude>
    <ClInclude Include="include\bullet\BulletCollision\Gimpact\btGeometryOperations.h">
      <Filter>bullet\lib</Filter>
    </ClInclude>
    <ClInclude Include="include\bullet\LinearMath\btGeometryUtil.h">
      <Filter>bullet\lib</Filter>
    </ClInclude>
    <ClInclude Include="include\bullet\BulletCollision\CollisionDispatch\btGhostObject.h">
      <Filter>bullet\lib</Filter>
    </ClInclude>
    <ClInclude Include="include\bullet\BulletCollision\Gimpact\btGImpactBvh.h">
      <Filter>bullet\lib</Filter>
    </ClInclude>
    <ClInclude Include="include\bullet\BulletCollision\Gimpact\btGImpactBvhStructs.h">
      <Filter>bullet\lib</Filter>
    </ClInclude>
    <ClInclude Include="include\bullet\BulletCollision\Gimpact\btGImpactCollisionAlgorithm.h">
      <Filter>bullet\lib</Filter>
    </ClInclude>
    <ClInclude Include="include\bullet\BulletCollision\Gimpact\btGImpactMassUtil.h">
      <Filter>bullet\lib</Filter>
    </ClInclude>
    <ClInclude Include="include\bullet\BulletCollision\Gimpact\btGImpactQuantizedBvh.h">
      <Filter>bullet\lib</Filter>
    </ClInclude>
    <ClInclude Include="include\bullet\BulletCollision\Gimpact\btGImpactQuantizedBvhStructs.h">
      <Filter>bullet\lib</Filter>
    </ClInclude>
    <ClInclude Include="include\bullet\BulletCollision\Gimpact\btGImpactShape.h">
      <Filter>bullet\lib</Filter>
    </ClInclude>
    <ClInclude Include="include\bullet\BulletCollision\NarrowPhaseCollision\btGjkCollisionDescription.h">
      <Filter>bullet\lib</Filter>
    </ClInclude>
    <ClInclude Include="include\bullet\BulletCollision\NarrowPhaseCollision\btGjkConvexCast.h">
      <Filter>bullet\lib</Filter>
    </ClInclude>
    <ClInclude Include="include\bullet\BulletCollision\NarrowPhaseCollision\btGjkEpa2.h">
      <Filter>bullet\lib</Filter>
    </ClInclude>
    <ClInclude Include="include\bullet\BulletCollision\NarrowPhaseCollision\btGjkEpa3.h">
      <Filter>bullet\lib</Filter>
    </ClInclude>
    <ClInclude Include="include\bullet\BulletCollision\NarrowPhaseCollision\btGjkEpaPenetrationDepthSolver.h">
      <Filter>bullet\lib</Filter>
    </ClInclude>
    <ClInclude Include="include\bullet\BulletCollision\NarrowPhaseCollision\btGjkPairDetector.h">
      <Filter>bullet\lib</Filter>
    </ClInclude>
    <ClInclude Include="include\bullet\LinearMath\btGrahamScan2dConvexHull.h">
      <Filter>bullet\lib</Filter>
    </ClInclude>
    <ClInclude Include="include\bullet\BulletCollision\CollisionDispatch\btHashedSimplePairCache.h">
      <Filter>bullet\lib</Filter>
    </ClInclude>
    <ClInclude Include="include\bullet\LinearMath\btHashMap.h">
      <Filter>bullet\lib</Filter>
    </ClInclude>
    <ClInclude Include="include\bullet\BulletCollision\CollisionShapes\btHeightfieldTerrainShape.h">
      <Filter>bullet\lib</Filter>
    </ClInclude>
    <ClInclude Include="include\bullet\BulletDynamics\ConstraintSolver\btHinge2Constraint.h">
      <Filter>bullet\lib</Filter>
    </ClInclude>
    <ClInclude Include="include\bullet\BulletDynamics\ConstraintSolver\btHingeConstraint.h">
      <Filter>bullet\lib</Filter>
    </ClInclude>
    <ClInclude Include="include\bullet\LinearMath\btIDebugDraw.h">
      <Filter>bullet\lib</Filter>
    </ClInclude>
    <ClInclude Include="include\bullet\LinearMath\btImplicitQRSVD.h">
      <Filter>bullet\lib</Filter>
    </ClInclude>
    <ClInclude Include="include\bullet\BulletCollision\CollisionDispatch\btInternalEdgeUtility.h">
      <Filter>bullet\lib</Filter>
    </ClInclude>
    <ClInclude Include="include\bullet\BulletDynamics\ConstraintSolver\btJacobianEntry.h">
      <Filter>bullet\lib</Filter>
    </ClInclude>
    <ClInclude Include="include\bullet\BulletDynamics\Character\btKinematicCharacterController.h">
      <Filter>bullet\lib</Filter>
    </ClInclude>
    <ClInclude Include="include\bullet\BulletDynamics\MLCPSolvers\btLemkeAlgorithm.h">
      <Filter>bullet\lib</Filter>
    </ClInclude>
    <ClInclude Include="include\bullet\BulletDynamics\MLCPSolvers\btLemkeSolver.h">
      <Filter>bullet\lib</Filter>
    </ClInclude>
    <ClInclude Include="include\bullet\LinearMath\btList.h">
      <Filter>bullet\lib</Filter>
    </ClInclude>
    <ClInclude Include="include\bullet\BulletCollision\NarrowPhaseCollision\btManifoldPoint.h">
      <Filter>bullet\lib</Filter>
    </ClInclude>
    <ClInclude Include="include\bullet\BulletCollision\CollisionDispatch\btManifoldResult.h">
      <Filter>bullet\lib</Filter>
    </ClInclude>
    <ClInclude Include="include\bullet\BulletCollision\CollisionShapes\btMaterial.h">
      <Filter>bullet\lib</Filter>
    </ClInclude>
    <ClInclude Include="include\bullet\LinearMath\btMatrix3x3.h">
      <Filter>bullet\lib</Filter>
    </ClInclude>
    <ClInclude Include="include\bullet\LinearMath\btMatrixX.h">
      <Filter>bullet\lib</Filter>
    </ClInclude>
    <ClInclude Include="include\bullet\BulletCollision\CollisionShapes\btMiniSDF.h">
      <Filter>bullet\lib</Filter>
    </ClInclude>
    <ClInclude Include="include\bullet\BulletCollision\NarrowPhaseCollision\btMinkowskiPenetrationDepthSolver.h">
      <Filter>bullet\lib</Filter>
    </ClInclude>
    <ClInclude Include="include\bullet\BulletCollision\CollisionShapes\btMinkowskiSumShape.h">
      <Filter>bullet\lib</Filter>
    </ClInclude>
    <ClInclude Include="include\bullet\LinearMath\btMinMax.h">
      <Filter>bullet\lib</Filter>
    </ClInclude>
    <ClInclude Include="include\bullet\BulletDynamics\MLCPSolvers\btMLCPSolver.h">
      <Filter>bullet\lib</Filter>
    </ClInclude>
    <ClInclude Include="include\bullet\BulletDynamics\MLCPSolvers\btMLCPSolverInterface.h">
      <Filter>bullet\lib</Filter>
    </ClInclude>
    <ClInclude Include="include\bullet\LinearMath\btMotionState.h">
      <Filter>bullet\lib</Filter>
    </ClInclude>
    <ClInclude Include="include\bullet\BulletCollision\NarrowPhaseCollision\btMprPenetration.h">
      <Filter>bullet\lib</Filter>
    </ClInclude>
    <ClInclude Include="include\bullet\BulletDynamics\Featherstone\btMultiBody.h">
      <Filter>bullet\lib</Filter>
    </ClInclude>
    <ClInclude Include="include\bullet\BulletDynamics\Featherstone\btMultiBodyConstraint.h">
      <Filter>bullet\lib</Filter>
    </ClInclude>
    <ClInclude Include="include\bullet\BulletDynamics\Featherstone\btMultiBodyConstraintSolver.h">
      <Filter>bullet\lib</Filter>
    </ClInclude>
    <ClInclude Include="include\bullet\BulletDynamics\Featherstone\btMultiBodyDynamicsWorld.h">
      <Filter>bullet\lib</Filter>
    </ClInclude>
    <ClInclude Include="include\bullet\BulletDynamics\Featherstone\btMultiBodyFixedConstraint.h">
      <Filter>bullet\lib</Filter>
    </ClInclude>
    <ClInclude Include="include\bullet\BulletDynamics\Featherstone\btMultiBodyGearConstraint.h">
      <Filter>bullet\lib</Filter>
    </ClInclude>
    <ClInclude Include="include\bullet\BulletDynamics\Featherstone\btMultiBodyInplaceSolverIslandCallback.h">
      <Filter>bullet\lib</Filter>
    </ClInclude>
    <ClInclude Include="include\bullet\BulletDynamics\Featherstone\btMultiBodyJointFeedback.h">
      <Filter>bullet\lib</Filter>
    </ClInclude>
    <ClInclude Include="include\bullet\BulletDynamics\Featherstone\btMultiBodyJointLimitConstraint.h">
      <Filter>bullet\lib</Filter>
    </ClInclude>
    <ClInclude Include="include\bullet\BulletDynamics\Featherstone\btMultiBodyJointMotor.h">
      <Filter>bullet\lib</Filter>
    </ClInclude>
    <ClInclude Include="include\bullet\BulletDynamics\Featherstone\btMultiBodyLink.h">
      <Filter>bullet\lib</Filter>
    </ClInclude>
    <ClInclude Include="include\bullet\BulletDynamics\Featherstone\btMultiBodyLinkCollider.h">
      <Filter>bullet\lib</Filter>
    </ClInclude>
    <ClInclude Include="include\bullet\BulletDynamics\Featherstone\btMultiBodyMLCPConstraintSolver.h">
      <Filter>bullet\lib</Filter>
    </ClInclude>
    <ClInclude Include="include\bullet\BulletDynamics\Featherstone\btMultiBodyPoint2Point.h">
      <Filter>bullet\lib</Filter>
    </ClInclude>
    <ClInclude Include="include\bullet\BulletDynamics\Featherstone\btMultiBodySliderConstraint.h">
      <Filter>bullet\lib</Filter>
    </ClInclude>
    <ClInclude Include="include\bullet\BulletDynamics\Featherstone\btMultiBodySolverConstraint.h">
      <Filter>bullet\lib</Filter>
    </ClInclude>
    <ClInclude Include="include\bullet\BulletDynamics\Featherstone\btMultiBodySphericalJointMotor.h">
      <Filter>bullet\lib</Filter>
    </ClInclude>
    <ClInclude Include="include\bullet\BulletCollision\CollisionShapes\btMultimaterialTriangleMeshShape.h">
      <Filter>bullet\lib</Filter>
    </ClInclude>
    <ClInclude Include="include\bullet\BulletCollision\CollisionShapes\btMultiSphereShape.h">
      <Filter>bullet\lib</Filter>
    </ClInclude>
    <ClInclude Include="include\bullet\BulletDynamics\ConstraintSolver\btNNCGConstraintSolver.h">
      <Filter>bullet\lib</Filter>
    </ClInclude>
    <ClInclude Include="include\bullet\BulletCollision\CollisionShapes\btOptimizedBvh.h">
      <Filter>bullet\lib</Filter>
    </ClInclude>
    <ClInclude Include="include\bullet\BulletCollision\BroadphaseCollision\btOverlappingPairCache.h">
      <Filter>bullet\lib</Filter>
    </ClInclude>
    <ClInclude Include="include\bullet\BulletCollision\BroadphaseCollision\btOverlappingPairCallback.h">
      <Filter>bullet\lib</Filter>
    </ClInclude>
    <ClInclude Include="include\bullet\BulletDynamics\MLCPSolvers\btPATHSolver.h">
      <Filter>bullet\lib</Filter>
    </ClInclude>
    <ClInclude Include="include\bullet\BulletCollision\NarrowPhaseCollision\btPersistentManifold.h">
      <Filter>bullet\lib</Filter>
    </ClInclude>
    <ClInclude Include="include\bullet\BulletDynamics\ConstraintSolver\btPoint2PointConstraint.h">
      <Filter>bullet\lib</Filter>
    </ClInclude>
    <ClInclude Include="include\bullet\BulletCollision\NarrowPhaseCollision\btPointCollector.h">
      <Filter>bullet\lib</Filter>
    </ClInclude>
    <ClInclude Include="include\bullet\LinearMath\btPolarDecomposition.h">
      <Filter>bullet\lib</Filter>
    </ClInclude>
    <ClInclude Include="include\bullet\BulletCollision\NarrowPhaseCollision\btPolyhedralContactClipping.h">
      <Filter>bullet\lib</Filter>
    </ClInclude>
    <ClInclude Include="include\bullet\BulletCollision\CollisionShapes\btPolyhedralConvexShape.h">
      <Filter>bullet\lib</Filter>
    </ClInclude>
    <ClInclude Include="include\bullet\LinearMath\btPoolAllocator.h">
      <Filter>bullet\lib</Filter>
    </ClInclude>
    <ClInclude Include="include\bullet\LinearMath\btQuadWord.h">
      <Filter>bullet\lib</Filter>
    </ClInclude>
    <ClInclude Include="include\bullet\BulletCollision\Gimpact\btQuantization.h">
      <Filter>bullet\lib</Filter>
    </ClInclude>
    <ClInclude Include="include\bullet\BulletCollision\BroadphaseCollision\btQuantizedBvh.h">
      <Filter>bullet\lib</Filter>
    </ClInclude>
    <ClInclude Include="include\bullet\LinearMath\btQuaternion.h">
      <Filter>bullet\lib</Filter>
    </ClInclude>
    <ClInclude Include="include\bullet\LinearMath\btQuickprof.h">
      <Filter>bullet\lib</Filter>
    </ClInclude>
    <ClInclude Include="include\bullet\LinearMath\btRandom.h">
      <Filter>bullet\lib</Filter>
    </ClInclude>
    <ClInclude Include="include\bullet\BulletCollision\NarrowPhaseCollision\btRaycastCallback.h">
      <Filter>bullet\lib</Filter>
    </ClInclude>
    <ClInclude Include="include\bullet\BulletDynamics\Vehicle\btRaycastVehicle.h">
      <Filter>bullet\lib</Filter>
    </ClInclude>
    <ClInclude Include="include\bullet\BulletDynamics\Dynamics\btRigidBody.h">
      <Filter>bullet\lib</Filter>
    </ClInclude>
    <ClInclude Include="include\bullet\LinearMath\btScalar.h">
      <Filter>bullet\lib</Filter>
    </ClInclude>
    <ClInclude Include="include\bullet\BulletCollision\CollisionShapes\btScaledBvhTriangleMeshShape.h">
      <Filter>bullet\lib</Filter>
    </ClInclude>
    <ClInclude Include="include\bullet\BulletCollision\CollisionShapes\btSdfCollisionShape.h">
      <Filter>bullet\lib</Filter>
    </ClInclude>
    <ClInclude Include="include\bullet\BulletDynamics\ConstraintSolver\btSequentialImpulseConstraintSolver.h">
      <Filter>bullet\lib</Filter>
    </ClInclude>
    <ClInclude Include="include\bullet\BulletDynamics\ConstraintSolver\btSequentialImpulseConstraintSolverMt.h">
      <Filter>bullet\lib</Filter>
    </ClInclude>
    <ClInclude Include="include\bullet\LinearMath\btSerializer.h">
      <Filter>bullet\lib</Filter>
    </ClInclude>
    <ClInclude Include="include\bullet\BulletCollision\CollisionShapes\btShapeHull.h">
      <Filter>bullet\lib</Filter>
    </ClInclude>
    <ClInclude Include="include\bullet\BulletCollision\BroadphaseCollision\btSimpleBroadphase.h">
      <Filter>bullet\lib</Filter>
    </ClInclude>
    <ClInclude Include="include\bullet\BulletDynamics\Dynamics\btSimpleDynamicsWorld.h">
      <Filter>bullet\lib</Filter>
    </ClInclude>
    <ClInclude Include="include\bullet\BulletCollision\NarrowPhaseCollision\btSimplexSolverInterface.h">
      <Filter>bullet\lib</Filter>
    </ClInclude>
    <ClInclude Include="include\bullet\BulletCollision\CollisionDispatch\btSimulationIslandManager.h">
      <Filter>bullet\lib</Filter>
    </ClInclude>
    <ClInclude Include="include\bullet\BulletDynamics\Dynamics\btSimulationIslandManagerMt.h">
      <Filter>bullet\lib</Filter>
    </ClInclude>
    <ClInclude Include="include\bullet\BulletDynamics\ConstraintSolver\btSliderConstraint.h">
      <Filter>bullet\lib</Filter>
    </ClInclude>
    <ClInclude Include="include\bullet\BulletDynamics\ConstraintSolver\btSolve2LinearConstraint.h">
      <Filter>bullet\lib</Filter>
    </ClInclude>
    <ClInclude Include="include\bullet\BulletDynamics\MLCPSolvers\btSolveProjectedGaussSeidel.h">
      <Filter>bullet\lib</Filter>
    </ClInclude>
    <ClInclude Include="include\bullet\BulletDynamics\ConstraintSolver\btSolverBody.h">
      <Filter>bullet\lib</Filter>
    </ClInclude>
    <ClInclude Include="include\bullet\BulletDynamics\ConstraintSolver\btSolverConstraint.h">
      <Filter>bullet\lib</Filter>
    </ClInclude>
    <ClInclude Include="include\bullet\LinearMath\btSpatialAlgebra.h">
      <Filter>bullet\lib</Filter>
    </ClInclude>
    <ClInclude Include="include\bullet\BulletCollision\CollisionDispatch\btSphereBoxCollisionAlgorithm.h">
      <Filter>bullet\lib</Filter>
    </ClInclude>
    <ClInclude Include="include\bullet\BulletCollision\CollisionShapes\btSphereShape.h">
      <Filter>bullet\lib</Filter>
    </ClInclude>
    <ClInclude Include="include\bullet\BulletCollision\CollisionDispatch\btSphereSphereCollisionAlgorithm.h">
      <Filter>bullet\lib</Filter>
    </ClInclude>
    <ClInclude Include="include\bullet\BulletCollision\CollisionDispatch\btSphereTriangleCollisionAlgorithm.h">
      <Filter>bullet\lib</Filter>
    </ClInclude>
    <ClInclude Include="include\bullet\LinearMath\btStackAlloc.h">
      <Filter>bullet\lib</Filter>
    </ClInclude>
    <ClInclude Include="include\bullet\BulletCollision\CollisionShapes\btStaticPlaneShape.h">
      <Filter>bullet\lib</Filter>
    </ClInclude>
    <ClInclude Include="include\bullet\BulletCollision\CollisionShapes\btStridingMeshInterface.h">
      <Filter>bullet\lib</Filter>
    </ClInclude>
    <ClInclude Include="include\bullet\BulletCollision\NarrowPhaseCollision\btSubSimplexConvexCast.h">
      <Filter>bullet\lib</Filter>
    </ClInclude>
    <ClInclude Include="include\bullet\BulletCollision\CollisionShapes\btTetrahedronShape.h">
      <Filter>bullet\lib</Filter>
    </ClInclude>
    <ClInclude Include="include\bullet\LinearMath\btThreads.h">
      <Filter>bullet\lib</Filter>
    </ClInclude>
    <ClInclude Include="include\bullet\LinearMath\TaskScheduler\btThreadSupportInterface.h">
      <Filter>bullet\lib</Filter>
    </ClInclude>
    <ClInclude Include="include\bullet\LinearMath\btTransform.h">
      <Filter>bullet\lib</Filter>
    </ClInclude>
    <ClInclude Include="include\bullet\LinearMath\btTransformUtil.h">
      <Filter>bullet\lib</Filter>
    </ClInclude>
    <ClInclude Include="include\bullet\BulletCollision\CollisionShapes\btTriangleBuffer.h">
      <Filter>bullet\lib</Filter>
    </ClInclude>
    <ClInclude Include="include\bullet\BulletCollision\CollisionShapes\btTriangleCallback.h">
      <Filter>bullet\lib</Filter>
    </ClInclude>
    <ClInclude Include="include\bullet\BulletCollision\CollisionShapes\btTriangleIndexVertexArray.h">
      <Filter>bullet\lib</Filter>
    </ClInclude>
    <ClInclude Include="include\bullet\BulletCollision\CollisionShapes\btTriangleIndexVertexMaterialArray.h">
      <Filter>bullet\lib</Filter>
    </ClInclude>
    <ClInclude Include="include\bullet\BulletCollision\CollisionShapes\btTriangleInfoMap.h">
      <Filter>bullet\lib</Filter>
    </ClInclude>
    <ClInclude Include="include\bullet\BulletCollision\CollisionShapes\btTriangleMesh.h">
      <Filter>bullet\lib</Filter>
    </ClInclude>
    <ClInclude Include="include\bullet\BulletCollision\CollisionShapes\btTriangleMeshShape.h">
      <Filter>bullet\lib</Filter>
    </ClInclude>
    <ClInclude Include="include\bullet\BulletCollision\CollisionShapes\btTriangleShape.h">
      <Filter>bullet\lib</Filter>
    </ClInclude>
    <ClInclude Include="include\bullet\BulletCollision\Gimpact\btTriangleShapeEx.h">
      <Filter>bullet\lib</Filter>
    </ClInclude>
    <ClInclude Include="include\bullet\BulletDynamics\ConstraintSolver\btTypedConstraint.h">
      <Filter>bullet\lib</Filter>
    </ClInclude>
    <ClInclude Include="include\bullet\BulletCollision\CollisionShapes\btUniformScalingShape.h">
      <Filter>bullet\lib</Filter>
    </ClInclude>
    <ClInclude Include="include\bullet\BulletCollision\CollisionDispatch\btUnionFind.h">
      <Filter>bullet\lib</Filter>
    </ClInclude>
    <ClInclude Include="include\bullet\BulletDynamics\ConstraintSolver\btUniversalConstraint.h">
      <Filter>bullet\lib</Filter>
    </ClInclude>
    <ClInclude Include="include\bullet\LinearMath\btVector3.h">
      <Filter>bullet\lib</Filter>
    </ClInclude>
    <ClInclude Include="include\bullet\BulletDynamics\Vehicle\btVehicleRaycaster.h">
      <Filter>bullet\lib</Filter>
    </ClInclude>
    <ClInclude Include="include\bullet\BulletCollision\NarrowPhaseCollision\btVoronoiSimplexSolver.h">
      <Filter>bullet\lib</Filter>
    </ClInclude>
    <ClInclude Include="include\bullet\BulletDynamics\Vehicle\btWheelInfo.h">
      <Filter>bullet\lib</Filter>
    </ClInclude>
    <ClInclude Include="include\bullet\BulletCollision\Gimpact\gim_array.h">
      <Filter>bullet\lib</Filter>
    </ClInclude>
    <ClInclude Include="include\bullet\BulletCollision\Gimpact\gim_basic_geometry_operations.h">
      <Filter>bullet\lib</Filter>
    </ClInclude>
    <ClInclude Include="include\bullet\BulletCollision\Gimpact\gim_bitset.h">
      <Filter>bullet\lib</Filter>
    </ClInclude>
    <ClInclude Include="include\bullet\BulletCollision\Gimpact\gim_box_collision.h">
      <Filter>bullet\lib</Filter>
    </ClInclude>
    <ClInclude Include="include\bullet\BulletCollision\Gimpact\gim_box_set.h">
      <Filter>bullet\lib</Filter>
    </ClInclude>
    <ClInclude Include="include\bullet\BulletCollision\Gimpact\gim_clip_polygon.h">
      <Filter>bullet\lib</Filter>
    </ClInclude>
    <ClInclude Include="include\bullet\BulletCollision\Gimpact\gim_contact.h">
      <Filter>bullet\lib</Filter>
    </ClInclude>
    <ClInclude Include="include\bullet\BulletCollision\Gimpact\gim_geom_types.h">
      <Filter>bullet\lib</Filter>
    </ClInclude>
    <ClInclude Include="include\bullet\BulletCollision\Gimpact\gim_geometry.h">
      <Filter>bullet\lib</Filter>
    </ClInclude>
    <ClInclude Include="include\bullet\BulletCollision\Gimpact\gim_hash_table.h">
      <Filter>bullet\lib</Filter>
    </ClInclude>
    <ClInclude Include="include\bullet\BulletCollision\Gimpact\gim_linear_math.h">
      <Filter>bullet\lib</Filter>
    </ClInclude>
    <ClInclude Include="include\bullet\BulletCollision\Gimpact\gim_math.h">
      <Filter>bullet\lib</Filter>
    </ClInclude>
    <ClInclude Include="include\bullet\BulletCollision\Gimpact\gim_memory.h">
      <Filter>bullet\lib</Filter>
    </ClInclude>
    <ClInclude Include="include\bullet\BulletCollision\Gimpact\gim_pair.h">
      <Filter>bullet\lib</Filter>
    </ClInclude>
    <ClInclude Include="include\bullet\BulletCollision\Gimpact\gim_radixsort.h">
      <Filter>bullet\lib</Filter>
    </ClInclude>
    <ClInclude Include="include\bullet\BulletCollision\Gimpact\gim_tri_collision.h">
      <Filter>bullet\lib</Filter>
    </ClInclude>
    <ClInclude Include="include\bullet\BulletCollision\CollisionDispatch\SphereTriangleDetector.h">
      <Filter>bullet\lib</Filter>
    </ClInclude>
    <ClInclude Include="include\bullet\nConvert.h">
      <Filter>bullet</Filter>
    </ClInclude>
    <ClInclude Include="PhysicsUtils.h">
      <Filter>bullet</Filter>
    </ClInclude>
  </ItemGroup>
  <ItemGroup>
    <None Include="assets\shaders\fragmentShader01.glsl">
      <Filter>Shaders</Filter>
    </None>
    <None Include="assets\shaders\vertexShader01.glsl">
      <Filter>Shaders</Filter>
    </None>
    <None Include="..\TODO_Feeney.notes" />
    <None Include="configFiles\2spheres.json">
      <Filter>configFiles</Filter>
    </None>
    <None Include="configFiles\bkpgameObjects.json">
      <Filter>configFiles</Filter>
    </None>
    <None Include="configFiles\gameObjects.json">
      <Filter>configFiles</Filter>
    </None>
    <None Include="configFiles\lights.json">
      <Filter>configFiles</Filter>
    </None>
    <None Include="configFiles\meshToLoad.json">
      <Filter>configFiles</Filter>
    </None>
    <None Include="include\imgui\imgui.ini" />
  </ItemGroup>
  <ItemGroup>
    <Text Include="configFiles\log.txt">
      <Filter>configFiles</Filter>
    </Text>
  </ItemGroup>
</Project>